
Microsoft Visual Studio Solution File, Format Version 12.00
# Visual Studio Version 16
VisualStudioVersion = 16.0.31019.35
MinimumVisualStudioVersion = 10.0.40219.1
Project("{FAE04EC0-301F-11D3-BF4B-00C04F79EFBC}") = "CSharpStudy", "CSharpStudy\CSharpStudy.csproj", "{BB16591E-19F8-49D5-887B-3901557EE4B2}"
EndProject
Project("{FAE04EC0-301F-11D3-BF4B-00C04F79EFBC}") = "객체지향문법", "클래스의 구성요소\객체지향문법.csproj", "{257410A0-4EB1-4074-9F99-312DF208A282}"
EndProject
Global
	GlobalSection(SolutionConfigurationPlatforms) = preSolution
		Debug|Any CPU = Debug|Any CPU
		Release|Any CPU = Release|Any CPU
	EndGlobalSection
	GlobalSection(ProjectConfigurationPlatforms) = postSolution
		{BB16591E-19F8-49D5-887B-3901557EE4B2}.Debug|Any CPU.ActiveCfg = Debug|Any CPU
		{BB16591E-19F8-49D5-887B-3901557EE4B2}.Debug|Any CPU.Build.0 = Debug|Any CPU
		{BB16591E-19F8-49D5-887B-3901557EE4B2}.Release|Any CPU.ActiveCfg = Release|Any CPU
		{BB16591E-19F8-49D5-887B-3901557EE4B2}.Release|Any CPU.Build.0 = Release|Any CPU
		{257410A0-4EB1-4074-9F99-312DF208A282}.Debug|Any CPU.ActiveCfg = Debug|Any CPU
		{257410A0-4EB1-4074-9F99-312DF208A282}.Debug|Any CPU.Build.0 = Debug|Any CPU
		{257410A0-4EB1-4074-9F99-312DF208A282}.Release|Any CPU.ActiveCfg = Release|Any CPU
		{257410A0-4EB1-4074-9F99-312DF208A282}.Release|Any CPU.Build.0 = Release|Any CPU
	EndGlobalSection
	GlobalSection(SolutionProperties) = preSolution
		HideSolutionNode = FALSE
	EndGlobalSection
	GlobalSection(ExtensibilityGlobals) = postSolution
		SolutionGuid = {503BFDEF-7502-44DA-B3FB-1EADA7C81A16}
	EndGlobalSection
EndGlobal
